
Microsoft Visual Studio Solution File, Format Version 12.00
# Visual Studio Version 16
VisualStudioVersion = 16.0.31424.327
MinimumVisualStudioVersion = 10.0.40219.1
Project("{FAE04EC0-301F-11D3-BF4B-00C04F79EFBC}") = "StockTracker", "StockTracker\StockTracker.csproj", "{FDD01109-FFFB-4434-BD39-2ADE63C869FB}"
EndProject
Global
	GlobalSection(SolutionConfigurationPlatforms) = preSolution
		Debug|Any CPU = Debug|Any CPU
		Release|Any CPU = Release|Any CPU
	EndGlobalSection
	GlobalSection(ProjectConfigurationPlatforms) = postSolution
		{FDD01109-FFFB-4434-BD39-2ADE63C869FB}.Debug|Any CPU.ActiveCfg = Debug|Any CPU
		{FDD01109-FFFB-4434-BD39-2ADE63C869FB}.Debug|Any CPU.Build.0 = Debug|Any CPU
		{FDD01109-FFFB-4434-BD39-2ADE63C869FB}.Release|Any CPU.ActiveCfg = Release|Any CPU
		{FDD01109-FFFB-4434-BD39-2ADE63C869FB}.Release|Any CPU.Build.0 = Release|Any CPU
	EndGlobalSection
	GlobalSection(SolutionProperties) = preSolution
		HideSolutionNode = FALSE
	EndGlobalSection
	GlobalSection(ExtensibilityGlobals) = postSolution
		SolutionGuid = {A85CDFC6-C85E-4E90-AC3D-AD87D48FE8F3}
	EndGlobalSection
EndGlobal
